
Microsoft Visual Studio Solution File, Format Version 12.00
# Visual Studio Version 17
VisualStudioVersion = 17.5.2.0
MinimumVisualStudioVersion = 10.0.40219.1
Project("{FAE04EC0-301F-11D3-BF4B-00C04F79EFBC}") = "day01", "day01\day01.csproj", "{5B99F222-3A6D-A6E4-5735-46D7AAB53B5A}"
EndProject
Project("{FAE04EC0-301F-11D3-BF4B-00C04F79EFBC}") = "day02", "day02\day02.csproj", "{D0E16E6B-CDB2-4644-B074-10EC9E9592F2}"
EndProject
Project("{2150E333-8FDC-42A3-9474-1A3956D46DE8}") = "Solution Items", "Solution Items", "{8EC462FD-D22E-90A8-E5CE-7E832BA40C5D}"
	ProjectSection(SolutionItems) = preProject
		.gitignore = .gitignore
	EndProjectSection
EndProject
Project("{FAE04EC0-301F-11D3-BF4B-00C04F79EFBC}") = "day03", "day03\day03.csproj", "{E008D9E1-6BFE-4162-BEF2-DEB7B2C707AC}"
EndProject
Project("{FAE04EC0-301F-11D3-BF4B-00C04F79EFBC}") = "day04", "day04\day04.csproj", "{38D05284-2A02-4EFA-B4F8-FD787C6A6E03}"
EndProject
Project("{FAE04EC0-301F-11D3-BF4B-00C04F79EFBC}") = "day05", "day05\day05.csproj", "{0AB10961-8DE0-4321-BAF3-501DBDAC0447}"
EndProject
Project("{FAE04EC0-301F-11D3-BF4B-00C04F79EFBC}") = "day06", "day06\day06.csproj", "{BE7F23CE-545B-4DCD-9F1E-E64FB3732E5B}"
EndProject
Project("{FAE04EC0-301F-11D3-BF4B-00C04F79EFBC}") = "day07", "day07\day07.csproj", "{9FC988D8-3304-484F-A6A1-F50C88840E33}"
EndProject
Project("{FAE04EC0-301F-11D3-BF4B-00C04F79EFBC}") = "day08", "day08\day08.csproj", "{29964F8A-6559-4716-A0F1-AC50C045E61F}"
EndProject
Global
	GlobalSection(SolutionConfigurationPlatforms) = preSolution
		Debug|Any CPU = Debug|Any CPU
		Debug|x64 = Debug|x64
		Debug|x86 = Debug|x86
		Release|Any CPU = Release|Any CPU
		Release|x64 = Release|x64
		Release|x86 = Release|x86
	EndGlobalSection
	GlobalSection(ProjectConfigurationPlatforms) = postSolution
		{5B99F222-3A6D-A6E4-5735-46D7AAB53B5A}.Debug|Any CPU.ActiveCfg = Debug|Any CPU
		{5B99F222-3A6D-A6E4-5735-46D7AAB53B5A}.Debug|Any CPU.Build.0 = Debug|Any CPU
		{5B99F222-3A6D-A6E4-5735-46D7AAB53B5A}.Debug|x64.ActiveCfg = Debug|Any CPU
		{5B99F222-3A6D-A6E4-5735-46D7AAB53B5A}.Debug|x64.Build.0 = Debug|Any CPU
		{5B99F222-3A6D-A6E4-5735-46D7AAB53B5A}.Debug|x86.ActiveCfg = Debug|Any CPU
		{5B99F222-3A6D-A6E4-5735-46D7AAB53B5A}.Debug|x86.Build.0 = Debug|Any CPU
		{5B99F222-3A6D-A6E4-5735-46D7AAB53B5A}.Release|Any CPU.ActiveCfg = Release|Any CPU
		{5B99F222-3A6D-A6E4-5735-46D7AAB53B5A}.Release|Any CPU.Build.0 = Release|Any CPU
		{5B99F222-3A6D-A6E4-5735-46D7AAB53B5A}.Release|x64.ActiveCfg = Release|Any CPU
		{5B99F222-3A6D-A6E4-5735-46D7AAB53B5A}.Release|x64.Build.0 = Release|Any CPU
		{5B99F222-3A6D-A6E4-5735-46D7AAB53B5A}.Release|x86.ActiveCfg = Release|Any CPU
		{5B99F222-3A6D-A6E4-5735-46D7AAB53B5A}.Release|x86.Build.0 = Release|Any CPU
		{D0E16E6B-CDB2-4644-B074-10EC9E9592F2}.Debug|Any CPU.ActiveCfg = Debug|Any CPU
		{D0E16E6B-CDB2-4644-B074-10EC9E9592F2}.Debug|Any CPU.Build.0 = Debug|Any CPU
		{D0E16E6B-CDB2-4644-B074-10EC9E9592F2}.Debug|x64.ActiveCfg = Debug|Any CPU
		{D0E16E6B-CDB2-4644-B074-10EC9E9592F2}.Debug|x64.Build.0 = Debug|Any CPU
		{D0E16E6B-CDB2-4644-B074-10EC9E9592F2}.Debug|x86.ActiveCfg = Debug|Any CPU
		{D0E16E6B-CDB2-4644-B074-10EC9E9592F2}.Debug|x86.Build.0 = Debug|Any CPU
		{D0E16E6B-CDB2-4644-B074-10EC9E9592F2}.Release|Any CPU.ActiveCfg = Release|Any CPU
		{D0E16E6B-CDB2-4644-B074-10EC9E9592F2}.Release|Any CPU.Build.0 = Release|Any CPU
		{D0E16E6B-CDB2-4644-B074-10EC9E9592F2}.Release|x64.ActiveCfg = Release|Any CPU
		{D0E16E6B-CDB2-4644-B074-10EC9E9592F2}.Release|x64.Build.0 = Release|Any CPU
		{D0E16E6B-CDB2-4644-B074-10EC9E9592F2}.Release|x86.ActiveCfg = Release|Any CPU
		{D0E16E6B-CDB2-4644-B074-10EC9E9592F2}.Release|x86.Build.0 = Release|Any CPU
		{E008D9E1-6BFE-4162-BEF2-DEB7B2C707AC}.Debug|Any CPU.ActiveCfg = Debug|Any CPU
		{E008D9E1-6BFE-4162-BEF2-DEB7B2C707AC}.Debug|Any CPU.Build.0 = Debug|Any CPU
		{E008D9E1-6BFE-4162-BEF2-DEB7B2C707AC}.Debug|x64.ActiveCfg = Debug|Any CPU
		{E008D9E1-6BFE-4162-BEF2-DEB7B2C707AC}.Debug|x64.Build.0 = Debug|Any CPU
		{E008D9E1-6BFE-4162-BEF2-DEB7B2C707AC}.Debug|x86.ActiveCfg = Debug|Any CPU
		{E008D9E1-6BFE-4162-BEF2-DEB7B2C707AC}.Debug|x86.Build.0 = Debug|Any CPU
		{E008D9E1-6BFE-4162-BEF2-DEB7B2C707AC}.Release|Any CPU.ActiveCfg = Release|Any CPU
		{E008D9E1-6BFE-4162-BEF2-DEB7B2C707AC}.Release|Any CPU.Build.0 = Release|Any CPU
		{E008D9E1-6BFE-4162-BEF2-DEB7B2C707AC}.Release|x64.ActiveCfg = Release|Any CPU
		{E008D9E1-6BFE-4162-BEF2-DEB7B2C707AC}.Release|x64.Build.0 = Release|Any CPU
		{E008D9E1-6BFE-4162-BEF2-DEB7B2C707AC}.Release|x86.ActiveCfg = Release|Any CPU
		{E008D9E1-6BFE-4162-BEF2-DEB7B2C707AC}.Release|x86.Build.0 = Release|Any CPU
		{38D05284-2A02-4EFA-B4F8-FD787C6A6E03}.Debug|Any CPU.ActiveCfg = Debug|Any CPU
		{38D05284-2A02-4EFA-B4F8-FD787C6A6E03}.Debug|Any CPU.Build.0 = Debug|Any CPU
		{38D05284-2A02-4EFA-B4F8-FD787C6A6E03}.Debug|x64.ActiveCfg = Debug|Any CPU
		{38D05284-2A02-4EFA-B4F8-FD787C6A6E03}.Debug|x64.Build.0 = Debug|Any CPU
		{38D05284-2A02-4EFA-B4F8-FD787C6A6E03}.Debug|x86.ActiveCfg = Debug|Any CPU
		{38D05284-2A02-4EFA-B4F8-FD787C6A6E03}.Debug|x86.Build.0 = Debug|Any CPU
		{38D05284-2A02-4EFA-B4F8-FD787C6A6E03}.Release|Any CPU.ActiveCfg = Release|Any CPU
		{38D05284-2A02-4EFA-B4F8-FD787C6A6E03}.Release|Any CPU.Build.0 = Release|Any CPU
		{38D05284-2A02-4EFA-B4F8-FD787C6A6E03}.Release|x64.ActiveCfg = Release|Any CPU
		{38D05284-2A02-4EFA-B4F8-FD787C6A6E03}.Release|x64.Build.0 = Release|Any CPU
		{38D05284-2A02-4EFA-B4F8-FD787C6A6E03}.Release|x86.ActiveCfg = Release|Any CPU
		{38D05284-2A02-4EFA-B4F8-FD787C6A6E03}.Release|x86.Build.0 = Release|Any CPU
		{0AB10961-8DE0-4321-BAF3-501DBDAC0447}.Debug|Any CPU.ActiveCfg = Debug|Any CPU
		{0AB10961-8DE0-4321-BAF3-501DBDAC0447}.Debug|Any CPU.Build.0 = Debug|Any CPU
		{0AB10961-8DE0-4321-BAF3-501DBDAC0447}.Debug|x64.ActiveCfg = Debug|Any CPU
		{0AB10961-8DE0-4321-BAF3-501DBDAC0447}.Debug|x64.Build.0 = Debug|Any CPU
		{0AB10961-8DE0-4321-BAF3-501DBDAC0447}.Debug|x86.ActiveCfg = Debug|Any CPU
		{0AB10961-8DE0-4321-BAF3-501DBDAC0447}.Debug|x86.Build.0 = Debug|Any CPU
		{0AB10961-8DE0-4321-BAF3-501DBDAC0447}.Release|Any CPU.ActiveCfg = Release|Any CPU
		{0AB10961-8DE0-4321-BAF3-501DBDAC0447}.Release|Any CPU.Build.0 = Release|Any CPU
		{0AB10961-8DE0-4321-BAF3-501DBDAC0447}.Release|x64.ActiveCfg = Release|Any CPU
		{0AB10961-8DE0-4321-BAF3-501DBDAC0447}.Release|x64.Build.0 = Release|Any CPU
		{0AB10961-8DE0-4321-BAF3-501DBDAC0447}.Release|x86.ActiveCfg = Release|Any CPU
		{0AB10961-8DE0-4321-BAF3-501DBDAC0447}.Release|x86.Build.0 = Release|Any CPU
		{BE7F23CE-545B-4DCD-9F1E-E64FB3732E5B}.Debug|Any CPU.ActiveCfg = Debug|Any CPU
		{BE7F23CE-545B-4DCD-9F1E-E64FB3732E5B}.Debug|Any CPU.Build.0 = Debug|Any CPU
		{BE7F23CE-545B-4DCD-9F1E-E64FB3732E5B}.Debug|x64.ActiveCfg = Debug|Any CPU
		{BE7F23CE-545B-4DCD-9F1E-E64FB3732E5B}.Debug|x64.Build.0 = Debug|Any CPU
		{BE7F23CE-545B-4DCD-9F1E-E64FB3732E5B}.Debug|x86.ActiveCfg = Debug|Any CPU
		{BE7F23CE-545B-4DCD-9F1E-E64FB3732E5B}.Debug|x86.Build.0 = Debug|Any CPU
		{BE7F23CE-545B-4DCD-9F1E-E64FB3732E5B}.Release|Any CPU.ActiveCfg = Release|Any CPU
		{BE7F23CE-545B-4DCD-9F1E-E64FB3732E5B}.Release|Any CPU.Build.0 = Release|Any CPU
		{BE7F23CE-545B-4DCD-9F1E-E64FB3732E5B}.Release|x64.ActiveCfg = Release|Any CPU
		{BE7F23CE-545B-4DCD-9F1E-E64FB3732E5B}.Release|x64.Build.0 = Release|Any CPU
		{BE7F23CE-545B-4DCD-9F1E-E64FB3732E5B}.Release|x86.ActiveCfg = Release|Any CPU
		{BE7F23CE-545B-4DCD-9F1E-E64FB3732E5B}.Release|x86.Build.0 = Release|Any CPU
		{9FC988D8-3304-484F-A6A1-F50C88840E33}.Debug|Any CPU.ActiveCfg = Debug|Any CPU
		{9FC988D8-3304-484F-A6A1-F50C88840E33}.Debug|Any CPU.Build.0 = Debug|Any CPU
		{9FC988D8-3304-484F-A6A1-F50C88840E33}.Debug|x64.ActiveCfg = Debug|Any CPU
		{9FC988D8-3304-484F-A6A1-F50C88840E33}.Debug|x64.Build.0 = Debug|Any CPU
		{9FC988D8-3304-484F-A6A1-F50C88840E33}.Debug|x86.ActiveCfg = Debug|Any CPU
		{9FC988D8-3304-484F-A6A1-F50C88840E33}.Debug|x86.Build.0 = Debug|Any CPU
		{9FC988D8-3304-484F-A6A1-F50C88840E33}.Release|Any CPU.ActiveCfg = Release|Any CPU
		{9FC988D8-3304-484F-A6A1-F50C88840E33}.Release|Any CPU.Build.0 = Release|Any CPU
		{9FC988D8-3304-484F-A6A1-F50C88840E33}.Release|x64.ActiveCfg = Release|Any CPU
		{9FC988D8-3304-484F-A6A1-F50C88840E33}.Release|x64.Build.0 = Release|Any CPU
		{9FC988D8-3304-484F-A6A1-F50C88840E33}.Release|x86.ActiveCfg = Release|Any CPU
		{9FC988D8-3304-484F-A6A1-F50C88840E33}.Release|x86.Build.0 = Release|Any CPU
		{29964F8A-6559-4716-A0F1-AC50C045E61F}.Debug|Any CPU.ActiveCfg = Debug|Any CPU
		{29964F8A-6559-4716-A0F1-AC50C045E61F}.Debug|Any CPU.Build.0 = Debug|Any CPU
		{29964F8A-6559-4716-A0F1-AC50C045E61F}.Debug|x64.ActiveCfg = Debug|Any CPU
		{29964F8A-6559-4716-A0F1-AC50C045E61F}.Debug|x64.Build.0 = Debug|Any CPU
		{29964F8A-6559-4716-A0F1-AC50C045E61F}.Debug|x86.ActiveCfg = Debug|Any CPU
		{29964F8A-6559-4716-A0F1-AC50C045E61F}.Debug|x86.Build.0 = Debug|Any CPU
		{29964F8A-6559-4716-A0F1-AC50C045E61F}.Release|Any CPU.ActiveCfg = Release|Any CPU
		{29964F8A-6559-4716-A0F1-AC50C045E61F}.Release|Any CPU.Build.0 = Release|Any CPU
		{29964F8A-6559-4716-A0F1-AC50C045E61F}.Release|x64.ActiveCfg = Release|Any CPU
		{29964F8A-6559-4716-A0F1-AC50C045E61F}.Release|x64.Build.0 = Release|Any CPU
		{29964F8A-6559-4716-A0F1-AC50C045E61F}.Release|x86.ActiveCfg = Release|Any CPU
		{29964F8A-6559-4716-A0F1-AC50C045E61F}.Release|x86.Build.0 = Release|Any CPU
	EndGlobalSection
	GlobalSection(SolutionProperties) = preSolution
		HideSolutionNode = FALSE
	EndGlobalSection
	GlobalSection(ExtensibilityGlobals) = postSolution
		SolutionGuid = {4A95F29E-AB11-4932-98C9-B4662D901BDB}
	EndGlobalSection
EndGlobal
